// !$*UTF8*$!
{
	archiveVersion = 1;
	classes = {
	};
	objectVersion = 45;
	objects = {

/* Begin PBXBuildFile section */
		1D60589F0D05DD5A006BFB54 /* Foundation.framework in Frameworks */ = {isa = PBXBuildFile; fileRef = 1D30AB110D05D00D00671497 /* Foundation.framework */; };
		1DF5F4E00D08C38300B7A737 /* UIKit.framework in Frameworks */ = {isa = PBXBuildFile; fileRef = 1DF5F4DF0D08C38300B7A737 /* UIKit.framework */; };
		288765FD0DF74451002DB57D /* CoreGraphics.framework in Frameworks */ = {isa = PBXBuildFile; fileRef = 288765FC0DF74451002DB57D /* CoreGraphics.framework */; };
		5DC574CC12DBC635005000F8 /* AssignmentViewController.m in Sources */ = {isa = PBXBuildFile; fileRef = 5DC574C212DBC635005000F8 /* AssignmentViewController.m */; };
		5DC574CD12DBC635005000F8 /* Course.m in Sources */ = {isa = PBXBuildFile; fileRef = 5DC574C412DBC635005000F8 /* Course.m */; };
		5DC574CE12DBC635005000F8 /* Department.m in Sources */ = {isa = PBXBuildFile; fileRef = 5DC574C612DBC635005000F8 /* Department.m */; };
		5DC574CF12DBC635005000F8 /* HomeworkCheckerAppDelegate.m in Sources */ = {isa = PBXBuildFile; fileRef = 5DC574C812DBC635005000F8 /* HomeworkCheckerAppDelegate.m */; };
		5DC574D012DBC635005000F8 /* Teacher.m in Sources */ = {isa = PBXBuildFile; fileRef = 5DC574CA12DBC635005000F8 /* Teacher.m */; };
		5DC574D912DBC64E005000F8 /* CourseViewController.m in Sources */ = {isa = PBXBuildFile; fileRef = 5DC574D412DBC64E005000F8 /* CourseViewController.m */; };
		5DC574DA12DBC64E005000F8 /* DepartmentViewController.m in Sources */ = {isa = PBXBuildFile; fileRef = 5DC574D612DBC64E005000F8 /* DepartmentViewController.m */; };
		5DC574DB12DBC64E005000F8 /* TeacherViewController.m in Sources */ = {isa = PBXBuildFile; fileRef = 5DC574D812DBC64E005000F8 /* TeacherViewController.m */; };
		5DC574E312DBC65E005000F8 /* MainWindow.xib in Resources */ = {isa = PBXBuildFile; fileRef = 5DC574E212DBC65E005000F8 /* MainWindow.xib */; };
		5DC574E612DBC68C005000F8 /* main.m in Sources */ = {isa = PBXBuildFile; fileRef = 5DC574E512DBC68C005000F8 /* main.m */; };
		5DC574F912DBC6F4005000F8 /* AssignmentView.xib in Resources */ = {isa = PBXBuildFile; fileRef = 5DC574F812DBC6F4005000F8 /* AssignmentView.xib */; };
		5DC5755D12DBC8ED005000F8 /* Parser.m in Sources */ = {isa = PBXBuildFile; fileRef = 5DC5755B12DBC8ED005000F8 /* Parser.m */; };
/* End PBXBuildFile section */

/* Begin PBXFileReference section */
		1D30AB110D05D00D00671497 /* Foundation.framework */ = {isa = PBXFileReference; lastKnownFileType = wrapper.framework; name = Foundation.framework; path = System/Library/Frameworks/Foundation.framework; sourceTree = SDKROOT; };
		1D6058910D05DD3D006BFB54 /* Homework Checker.app */ = {isa = PBXFileReference; explicitFileType = wrapper.application; includeInIndex = 0; path = "Homework Checker.app"; sourceTree = BUILT_PRODUCTS_DIR; };
		1DF5F4DF0D08C38300B7A737 /* UIKit.framework */ = {isa = PBXFileReference; lastKnownFileType = wrapper.framework; name = UIKit.framework; path = System/Library/Frameworks/UIKit.framework; sourceTree = SDKROOT; };
		288765FC0DF74451002DB57D /* CoreGraphics.framework */ = {isa = PBXFileReference; lastKnownFileType = wrapper.framework; name = CoreGraphics.framework; path = System/Library/Frameworks/CoreGraphics.framework; sourceTree = SDKROOT; };
		32CA4F630368D1EE00C91783 /* Homework_Checker_Prefix.pch */ = {isa = PBXFileReference; fileEncoding = 4; lastKnownFileType = sourcecode.c.h; path = Homework_Checker_Prefix.pch; sourceTree = "<group>"; };
		5D2CAD3112EE26E600A15053 /* ParserDelegate.h */ = {isa = PBXFileReference; fileEncoding = 4; lastKnownFileType = sourcecode.c.h; path = ParserDelegate.h; sourceTree = "<group>"; };
		5DC574C112DBC635005000F8 /* AssignmentViewController.h */ = {isa = PBXFileReference; fileEncoding = 4; lastKnownFileType = sourcecode.c.h; path = AssignmentViewController.h; sourceTree = "<group>"; };
		5DC574C212DBC635005000F8 /* AssignmentViewController.m */ = {isa = PBXFileReference; fileEncoding = 4; lastKnownFileType = sourcecode.c.objc; path = AssignmentViewController.m; sourceTree = "<group>"; };
		5DC574C312DBC635005000F8 /* Course.h */ = {isa = PBXFileReference; fileEncoding = 4; lastKnownFileType = sourcecode.c.h; path = Course.h; sourceTree = "<group>"; };
		5DC574C412DBC635005000F8 /* Course.m */ = {isa = PBXFileReference; fileEncoding = 4; lastKnownFileType = sourcecode.c.objc; path = Course.m; sourceTree = "<group>"; };
		5DC574C512DBC635005000F8 /* Department.h */ = {isa = PBXFileReference; fileEncoding = 4; lastKnownFileType = sourcecode.c.h; path = Department.h; sourceTree = "<group>"; };
		5DC574C612DBC635005000F8 /* Department.m */ = {isa = PBXFileReference; fileEncoding = 4; lastKnownFileType = sourcecode.c.objc; path = Department.m; sourceTree = "<group>"; };
		5DC574C712DBC635005000F8 /* HomeworkCheckerAppDelegate.h */ = {isa = PBXFileReference; fileEncoding = 4; lastKnownFileType = sourcecode.c.h; path = HomeworkCheckerAppDelegate.h; sourceTree = "<group>"; };
		5DC574C812DBC635005000F8 /* HomeworkCheckerAppDelegate.m */ = {isa = PBXFileReference; fileEncoding = 4; lastKnownFileType = sourcecode.c.objc; path = HomeworkCheckerAppDelegate.m; sourceTree = "<group>"; };
		5DC574C912DBC635005000F8 /* Teacher.h */ = {isa = PBXFileReference; fileEncoding = 4; lastKnownFileType = sourcecode.c.h; path = Teacher.h; sourceTree = "<group>"; };
		5DC574CA12DBC635005000F8 /* Teacher.m */ = {isa = PBXFileReference; fileEncoding = 4; lastKnownFileType = sourcecode.c.objc; path = Teacher.m; sourceTree = "<group>"; };
		5DC574D312DBC64E005000F8 /* CourseViewController.h */ = {isa = PBXFileReference; fileEncoding = 4; lastKnownFileType = sourcecode.c.h; path = CourseViewController.h; sourceTree = "<group>"; };
		5DC574D412DBC64E005000F8 /* CourseViewController.m */ = {isa = PBXFileReference; fileEncoding = 4; lastKnownFileType = sourcecode.c.objc; path = CourseViewController.m; sourceTree = "<group>"; };
		5DC574D512DBC64E005000F8 /* DepartmentViewController.h */ = {isa = PBXFileReference; fileEncoding = 4; lastKnownFileType = sourcecode.c.h; path = DepartmentViewController.h; sourceTree = "<group>"; };
		5DC574D612DBC64E005000F8 /* DepartmentViewController.m */ = {isa = PBXFileReference; fileEncoding = 4; lastKnownFileType = sourcecode.c.objc; path = DepartmentViewController.m; sourceTree = "<group>"; };
		5DC574D712DBC64E005000F8 /* TeacherViewController.h */ = {isa = PBXFileReference; fileEncoding = 4; lastKnownFileType = sourcecode.c.h; path = TeacherViewController.h; sourceTree = "<group>"; };
		5DC574D812DBC64E005000F8 /* TeacherViewController.m */ = {isa = PBXFileReference; fileEncoding = 4; lastKnownFileType = sourcecode.c.objc; path = TeacherViewController.m; sourceTree = "<group>"; };
		5DC574E212DBC65E005000F8 /* MainWindow.xib */ = {isa = PBXFileReference; lastKnownFileType = file.xib; path = MainWindow.xib; sourceTree = "<group>"; };
		5DC574E512DBC68C005000F8 /* main.m */ = {isa = PBXFileReference; fileEncoding = 4; lastKnownFileType = sourcecode.c.objc; path = main.m; sourceTree = "<group>"; };
		5DC574F812DBC6F4005000F8 /* AssignmentView.xib */ = {isa = PBXFileReference; lastKnownFileType = file.xib; path = AssignmentView.xib; sourceTree = "<group>"; };
		5DC5755A12DBC8ED005000F8 /* Parser.h */ = {isa = PBXFileReference; fileEncoding = 4; lastKnownFileType = sourcecode.c.h; path = Parser.h; sourceTree = "<group>"; };
		5DC5755B12DBC8ED005000F8 /* Parser.m */ = {isa = PBXFileReference; fileEncoding = 4; lastKnownFileType = sourcecode.c.objc; path = Parser.m; sourceTree = "<group>"; };
		8D1107310486CEB800E47090 /* Homework_Checker-Info.plist */ = {isa = PBXFileReference; fileEncoding = 4; lastKnownFileType = text.plist.xml; path = "Homework_Checker-Info.plist"; plistStructureDefinitionIdentifier = "com.apple.xcode.plist.structure-definition.iphone.info-plist"; sourceTree = "<group>"; };
/* End PBXFileReference section */

/* Begin PBXFrameworksBuildPhase section */
		1D60588F0D05DD3D006BFB54 /* Frameworks */ = {
			isa = PBXFrameworksBuildPhase;
			buildActionMask = 2147483647;
			files = (
				1D60589F0D05DD5A006BFB54 /* Foundation.framework in Frameworks */,
				1DF5F4E00D08C38300B7A737 /* UIKit.framework in Frameworks */,
				288765FD0DF74451002DB57D /* CoreGraphics.framework in Frameworks */,
			);
			runOnlyForDeploymentPostprocessing = 0;
		};
/* End PBXFrameworksBuildPhase section */

/* Begin PBXGroup section */
		080E96DDFE201D6D7F000001 /* Classes */ = {
			isa = PBXGroup;
			children = (
				5DC5755A12DBC8ED005000F8 /* Parser.h */,
				5DC5755B12DBC8ED005000F8 /* Parser.m */,
				5D2CAD3112EE26E600A15053 /* ParserDelegate.h */,
				5DC574E812DBC6D9005000F8 /* View Controllers */,
				5DC574E712DBC6CC005000F8 /* Object Model */,
				5DC574C712DBC635005000F8 /* HomeworkCheckerAppDelegate.h */,
				5DC574C812DBC635005000F8 /* HomeworkCheckerAppDelegate.m */,
			);
			path = Classes;
			sourceTree = "<group>";
		};
		19C28FACFE9D520D11CA2CBB /* Products */ = {
			isa = PBXGroup;
			children = (
				1D6058910D05DD3D006BFB54 /* Homework Checker.app */,
			);
			name = Products;
			sourceTree = "<group>";
		};
		29B97314FDCFA39411CA2CEA /* CustomTemplate */ = {
			isa = PBXGroup;
			children = (
				080E96DDFE201D6D7F000001 /* Classes */,
				29B97315FDCFA39411CA2CEA /* Other Sources */,
				29B97317FDCFA39411CA2CEA /* Resources */,
				29B97323FDCFA39411CA2CEA /* Frameworks */,
				19C28FACFE9D520D11CA2CBB /* Products */,
			);
			name = CustomTemplate;
			sourceTree = "<group>";
		};
		29B97315FDCFA39411CA2CEA /* Other Sources */ = {
			isa = PBXGroup;
			children = (
				32CA4F630368D1EE00C91783 /* Homework_Checker_Prefix.pch */,
				5DC574E512DBC68C005000F8 /* main.m */,
			);
			name = "Other Sources";
			sourceTree = "<group>";
		};
		29B97317FDCFA39411CA2CEA /* Resources */ = {
			isa = PBXGroup;
			children = (
				5DC574F812DBC6F4005000F8 /* AssignmentView.xib */,
				5DC574E212DBC65E005000F8 /* MainWindow.xib */,
				8D1107310486CEB800E47090 /* Homework_Checker-Info.plist */,
			);
			name = Resources;
			sourceTree = "<group>";
		};
		29B97323FDCFA39411CA2CEA /* Frameworks */ = {
			isa = PBXGroup;
			children = (
				1DF5F4DF0D08C38300B7A737 /* UIKit.framework */,
				1D30AB110D05D00D00671497 /* Foundation.framework */,
				288765FC0DF74451002DB57D /* CoreGraphics.framework */,
			);
			name = Frameworks;
			sourceTree = "<group>";
		};
		5DC574E712DBC6CC005000F8 /* Object Model */ = {
			isa = PBXGroup;
			children = (
				5DC574C512DBC635005000F8 /* Department.h */,
				5DC574C612DBC635005000F8 /* Department.m */,
				5DC574C912DBC635005000F8 /* Teacher.h */,
				5DC574CA12DBC635005000F8 /* Teacher.m */,
				5DC574C312DBC635005000F8 /* Course.h */,
				5DC574C412DBC635005000F8 /* Course.m */,
			);
			name = "Object Model";
			sourceTree = "<group>";
		};
		5DC574E812DBC6D9005000F8 /* View Controllers */ = {
			isa = PBXGroup;
			children = (
				5DC574D512DBC64E005000F8 /* DepartmentViewController.h */,
				5DC574D612DBC64E005000F8 /* DepartmentViewController.m */,
				5DC574D712DBC64E005000F8 /* TeacherViewController.h */,
				5DC574D812DBC64E005000F8 /* TeacherViewController.m */,
				5DC574D312DBC64E005000F8 /* CourseViewController.h */,
				5DC574D412DBC64E005000F8 /* CourseViewController.m */,
				5DC574C112DBC635005000F8 /* AssignmentViewController.h */,
				5DC574C212DBC635005000F8 /* AssignmentViewController.m */,
			);
			name = "View Controllers";
			sourceTree = "<group>";
		};
/* End PBXGroup section */

/* Begin PBXNativeTarget section */
		1D6058900D05DD3D006BFB54 /* Homework Checker */ = {
			isa = PBXNativeTarget;
			buildConfigurationList = 1D6058960D05DD3E006BFB54 /* Build configuration list for PBXNativeTarget "Homework Checker" */;
			buildPhases = (
				1D60588D0D05DD3D006BFB54 /* Resources */,
				1D60588E0D05DD3D006BFB54 /* Sources */,
				1D60588F0D05DD3D006BFB54 /* Frameworks */,
			);
			buildRules = (
			);
			dependencies = (
			);
			name = "Homework Checker";
			productName = "Homework Checker";
			productReference = 1D6058910D05DD3D006BFB54 /* Homework Checker.app */;
			productType = "com.apple.product-type.application";
		};
/* End PBXNativeTarget section */

/* Begin PBXProject section */
		29B97313FDCFA39411CA2CEA /* Project object */ = {
			isa = PBXProject;
			attributes = {
				ORGANIZATIONNAME = "Milken Community High School";
			};
			buildConfigurationList = C01FCF4E08A954540054247B /* Build configuration list for PBXProject "Homework Checker" */;
			compatibilityVersion = "Xcode 3.1";
			developmentRegion = English;
			hasScannedForEncodings = 1;
			knownRegions = (
				English,
				Japanese,
				French,
				German,
			);
			mainGroup = 29B97314FDCFA39411CA2CEA /* CustomTemplate */;
			projectDirPath = "";
			projectRoot = "";
			targets = (
				1D6058900D05DD3D006BFB54 /* Homework Checker */,
			);
		};
/* End PBXProject section */

/* Begin PBXResourcesBuildPhase section */
		1D60588D0D05DD3D006BFB54 /* Resources */ = {
			isa = PBXResourcesBuildPhase;
			buildActionMask = 2147483647;
			files = (
				5DC574E312DBC65E005000F8 /* MainWindow.xib in Resources */,
				5DC574F912DBC6F4005000F8 /* AssignmentView.xib in Resources */,
			);
			runOnlyForDeploymentPostprocessing = 0;
		};
/* End PBXResourcesBuildPhase section */

/* Begin PBXSourcesBuildPhase section */
		1D60588E0D05DD3D006BFB54 /* Sources */ = {
			isa = PBXSourcesBuildPhase;
			buildActionMask = 2147483647;
			files = (
				5DC574CC12DBC635005000F8 /* AssignmentViewController.m in Sources */,
				5DC574CD12DBC635005000F8 /* Course.m in Sources */,
				5DC574CE12DBC635005000F8 /* Department.m in Sources */,
				5DC574CF12DBC635005000F8 /* HomeworkCheckerAppDelegate.m in Sources */,
				5DC574D012DBC635005000F8 /* Teacher.m in Sources */,
				5DC574D912DBC64E005000F8 /* CourseViewController.m in Sources */,
				5DC574DA12DBC64E005000F8 /* DepartmentViewController.m in Sources */,
				5DC574DB12DBC64E005000F8 /* TeacherViewController.m in Sources */,
				5DC574E612DBC68C005000F8 /* main.m in Sources */,
				5DC5755D12DBC8ED005000F8 /* Parser.m in Sources */,
			);
			runOnlyForDeploymentPostprocessing = 0;
		};
/* End PBXSourcesBuildPhase section */

/* Begin XCBuildConfiguration section */
		1D6058940D05DD3E006BFB54 /* Debug */ = {
			isa = XCBuildConfiguration;
			buildSettings = {
				ALWAYS_SEARCH_USER_PATHS = NO;
				COPY_PHASE_STRIP = NO;
				GCC_DYNAMIC_NO_PIC = NO;
				GCC_OPTIMIZATION_LEVEL = 0;
				GCC_PRECOMPILE_PREFIX_HEADER = YES;
				GCC_PREFIX_HEADER = Homework_Checker_Prefix.pch;
				INFOPLIST_FILE = "Homework_Checker-Info.plist";
				PRODUCT_NAME = "Homework Checker";
			};
			name = Debug;
		};
		1D6058950D05DD3E006BFB54 /* Release */ = {
			isa = XCBuildConfiguration;
			buildSettings = {
				ALWAYS_SEARCH_USER_PATHS = NO;
				COPY_PHASE_STRIP = YES;
				GCC_PRECOMPILE_PREFIX_HEADER = YES;
				GCC_PREFIX_HEADER = Homework_Checker_Prefix.pch;
				INFOPLIST_FILE = "Homework_Checker-Info.plist";
				PRODUCT_NAME = "Homework Checker";
				VALIDATE_PRODUCT = YES;
			};
			name = Release;
		};
		C01FCF4F08A954540054247B /* Debug */ = {
			isa = XCBuildConfiguration;
			buildSettings = {
				ARCHS = "$(ARCHS_STANDARD_32_BIT)";
				"CODE_SIGN_IDENTITY[sdk=iphoneos*]" = "iPhone Developer";
				GCC_C_LANGUAGE_STANDARD = c99;
				GCC_WARN_ABOUT_RETURN_TYPE = YES;
				GCC_WARN_UNUSED_VARIABLE = YES;
				PREBINDING = NO;
				SDKROOT = iphonesimulator4.0;
			};
			name = Debug;
		};
		C01FCF5008A954540054247B /* Release */ = {
			isa = XCBuildConfiguration;
			buildSettings = {
				ARCHS = "$(ARCHS_STANDARD_32_BIT)";
				"CODE_SIGN_IDENTITY[sdk=iphoneos*]" = "iPhone Developer";
				GCC_C_LANGUAGE_STANDARD = c99;
				GCC_WARN_ABOUT_RETURN_TYPE = YES;
				GCC_WARN_UNUSED_VARIABLE = YES;
				OTHER_CFLAGS = "-DNS_BLOCK_ASSERTIONS=1";
				PREBINDING = NO;
				SDKROOT = iphonesimulator4.0;
			};
			name = Release;
		};
/* End XCBuildConfiguration section */

/* Begin XCConfigurationList section */
		1D6058960D05DD3E006BFB54 /* Build configuration list for PBXNativeTarget "Homework Checker" */ = {
			isa = XCConfigurationList;
			buildConfigurations = (
				1D6058940D05DD3E006BFB54 /* Debug */,
				1D6058950D05DD3E006BFB54 /* Release */,
			);
			defaultConfigurationIsVisible = 0;
			defaultConfigurationName = Release;
		};
		C01FCF4E08A954540054247B /* Build configuration list for PBXProject "Homework Checker" */ = {
			isa = XCConfigurationList;
			buildConfigurations = (
				C01FCF4F08A954540054247B /* Debug */,
				C01FCF5008A954540054247B /* Release */,
			);
			defaultConfigurationIsVisible = 0;
			defaultConfigurationName = Release;
		};
/* End XCConfigurationList section */
	};
	rootObject = 29B97313FDCFA39411CA2CEA /* Project object */;
}
