// !$*UTF8*$!
{
	archiveVersion = 1;
	classes = {
	};
	objectVersion = 45;
	objects = {

/* Begin PBXBuildFile section */
		1D3623260D0F684500981E51 /* HomeworkCheckerAppDelegate.m in Sources */ = {isa = PBXBuildFile; fileRef = 1D3623250D0F684500981E51 /* HomeworkCheckerAppDelegate.m */; };
		1D60589B0D05DD56006BFB54 /* main.m in Sources */ = {isa = PBXBuildFile; fileRef = 29B97316FDCFA39411CA2CEA /* main.m */; };
		1D60589F0D05DD5A006BFB54 /* Foundation.framework in Frameworks */ = {isa = PBXBuildFile; fileRef = 1D30AB110D05D00D00671497 /* Foundation.framework */; };
		1DF5F4E00D08C38300B7A737 /* UIKit.framework in Frameworks */ = {isa = PBXBuildFile; fileRef = 1DF5F4DF0D08C38300B7A737 /* UIKit.framework */; };
		2892E4100DC94CBA00A64D0F /* CoreGraphics.framework in Frameworks */ = {isa = PBXBuildFile; fileRef = 2892E40F0DC94CBA00A64D0F /* CoreGraphics.framework */; };
		28AD73600D9D9599002E5188 /* MainWindow.xib in Resources */ = {isa = PBXBuildFile; fileRef = 28AD735F0D9D9599002E5188 /* MainWindow.xib */; };
		5D7ADF1A1322EDD10053A618 /* Department.m in Sources */ = {isa = PBXBuildFile; fileRef = 5D7ADF111322EDD10053A618 /* Department.m */; };
		5D7ADF1B1322EDD10053A618 /* Teacher.m in Sources */ = {isa = PBXBuildFile; fileRef = 5D7ADF131322EDD10053A618 /* Teacher.m */; };
		5D7ADF1C1322EDD10053A618 /* Course.m in Sources */ = {isa = PBXBuildFile; fileRef = 5D7ADF151322EDD10053A618 /* Course.m */; };
		5D7ADF1D1322EDD10053A618 /* Parser.m in Sources */ = {isa = PBXBuildFile; fileRef = 5D7ADF181322EDD10053A618 /* Parser.m */; };
		5D7ADF291322EDF60053A618 /* RootViewController.xib in Resources */ = {isa = PBXBuildFile; fileRef = 5D7ADF281322EDF60053A618 /* RootViewController.xib */; };
		5D7ADF351322EE030053A618 /* TeacherViewController.m in Sources */ = {isa = PBXBuildFile; fileRef = 5D7ADF2C1322EE030053A618 /* TeacherViewController.m */; };
		5D7ADF361322EE030053A618 /* CourseViewController.m in Sources */ = {isa = PBXBuildFile; fileRef = 5D7ADF2E1322EE030053A618 /* CourseViewController.m */; };
		5D7ADF371322EE030053A618 /* AssignmentViewController.m in Sources */ = {isa = PBXBuildFile; fileRef = 5D7ADF301322EE030053A618 /* AssignmentViewController.m */; };
		5D7ADF381322EE030053A618 /* SplashScreenViewController.m in Sources */ = {isa = PBXBuildFile; fileRef = 5D7ADF321322EE030053A618 /* SplashScreenViewController.m */; };
		5D7ADF391322EE030053A618 /* RootViewController.m in Sources */ = {isa = PBXBuildFile; fileRef = 5D7ADF341322EE030053A618 /* RootViewController.m */; };
		5D7ADF431322EE400053A618 /* Splash.png in Resources */ = {isa = PBXBuildFile; fileRef = 5D7ADF411322EE400053A618 /* Splash.png */; };
		5D7ADF491322EE600053A618 /* AssignmentView.xib in Resources */ = {isa = PBXBuildFile; fileRef = 5D7ADF481322EE600053A618 /* AssignmentView.xib */; };
		5D9D5A2C1337F7D700088741 /* Reachability.m in Sources */ = {isa = PBXBuildFile; fileRef = 5D9D59EC1337F6BD00088741 /* Reachability.m */; };
		5D9D5A3D1337F80100088741 /* SystemConfiguration.framework in Frameworks */ = {isa = PBXBuildFile; fileRef = 5D9D5A3C1337F80100088741 /* SystemConfiguration.framework */; };
		5DA55251133A9C9300B47E9F /* Departments Screenshot.png in Resources */ = {isa = PBXBuildFile; fileRef = 5DA55250133A9C9300B47E9F /* Departments Screenshot.png */; };
		5DA55253133A9D1300B47E9F /* Teachers Screenshot.png in Resources */ = {isa = PBXBuildFile; fileRef = 5DA55252133A9D1300B47E9F /* Teachers Screenshot.png */; };
		5DA55257133A9D9500B47E9F /* Courses Screenshot.png in Resources */ = {isa = PBXBuildFile; fileRef = 5DA55256133A9D9500B47E9F /* Courses Screenshot.png */; };
		5DA55259133A9DC300B47E9F /* Assignments Screenshot.png in Resources */ = {isa = PBXBuildFile; fileRef = 5DA55258133A9DC300B47E9F /* Assignments Screenshot.png */; };
		5DA5525B133A9E3300B47E9F /* Default.png in Resources */ = {isa = PBXBuildFile; fileRef = 5DA5525A133A9E3300B47E9F /* Default.png */; };
		5DA92881133166F300CA58C3 /* SplashScreenView.xib in Resources */ = {isa = PBXBuildFile; fileRef = 5DA92880133166F300CA58C3 /* SplashScreenView.xib */; };
/* End PBXBuildFile section */

/* Begin PBXFileReference section */
		1D30AB110D05D00D00671497 /* Foundation.framework */ = {isa = PBXFileReference; lastKnownFileType = wrapper.framework; name = Foundation.framework; path = System/Library/Frameworks/Foundation.framework; sourceTree = SDKROOT; };
		1D3623240D0F684500981E51 /* HomeworkCheckerAppDelegate.h */ = {isa = PBXFileReference; fileEncoding = 4; lastKnownFileType = sourcecode.c.h; path = HomeworkCheckerAppDelegate.h; sourceTree = "<group>"; };
		1D3623250D0F684500981E51 /* HomeworkCheckerAppDelegate.m */ = {isa = PBXFileReference; fileEncoding = 4; lastKnownFileType = sourcecode.c.objc; path = HomeworkCheckerAppDelegate.m; sourceTree = "<group>"; };
		1D6058910D05DD3D006BFB54 /* HomeworkChecker.app */ = {isa = PBXFileReference; explicitFileType = wrapper.application; includeInIndex = 0; path = HomeworkChecker.app; sourceTree = BUILT_PRODUCTS_DIR; };
		1DF5F4DF0D08C38300B7A737 /* UIKit.framework */ = {isa = PBXFileReference; lastKnownFileType = wrapper.framework; name = UIKit.framework; path = System/Library/Frameworks/UIKit.framework; sourceTree = SDKROOT; };
		2892E40F0DC94CBA00A64D0F /* CoreGraphics.framework */ = {isa = PBXFileReference; lastKnownFileType = wrapper.framework; name = CoreGraphics.framework; path = System/Library/Frameworks/CoreGraphics.framework; sourceTree = SDKROOT; };
		28A0AAE50D9B0CCF005BE974 /* HomeworkChecker_Prefix.pch */ = {isa = PBXFileReference; fileEncoding = 4; lastKnownFileType = sourcecode.c.h; path = HomeworkChecker_Prefix.pch; sourceTree = "<group>"; };
		28AD735F0D9D9599002E5188 /* MainWindow.xib */ = {isa = PBXFileReference; lastKnownFileType = file.xib; path = MainWindow.xib; sourceTree = "<group>"; };
		29B97316FDCFA39411CA2CEA /* main.m */ = {isa = PBXFileReference; fileEncoding = 4; lastKnownFileType = sourcecode.c.objc; path = main.m; sourceTree = "<group>"; };
		5D7ADF101322EDD10053A618 /* Department.h */ = {isa = PBXFileReference; fileEncoding = 4; lastKnownFileType = sourcecode.c.h; path = Department.h; sourceTree = "<group>"; };
		5D7ADF111322EDD10053A618 /* Department.m */ = {isa = PBXFileReference; fileEncoding = 4; lastKnownFileType = sourcecode.c.objc; path = Department.m; sourceTree = "<group>"; };
		5D7ADF121322EDD10053A618 /* Teacher.h */ = {isa = PBXFileReference; fileEncoding = 4; lastKnownFileType = sourcecode.c.h; path = Teacher.h; sourceTree = "<group>"; };
		5D7ADF131322EDD10053A618 /* Teacher.m */ = {isa = PBXFileReference; fileEncoding = 4; lastKnownFileType = sourcecode.c.objc; path = Teacher.m; sourceTree = "<group>"; };
		5D7ADF141322EDD10053A618 /* Course.h */ = {isa = PBXFileReference; fileEncoding = 4; lastKnownFileType = sourcecode.c.h; path = Course.h; sourceTree = "<group>"; };
		5D7ADF151322EDD10053A618 /* Course.m */ = {isa = PBXFileReference; fileEncoding = 4; lastKnownFileType = sourcecode.c.objc; path = Course.m; sourceTree = "<group>"; };
		5D7ADF171322EDD10053A618 /* Parser.h */ = {isa = PBXFileReference; fileEncoding = 4; lastKnownFileType = sourcecode.c.h; path = Parser.h; sourceTree = "<group>"; };
		5D7ADF181322EDD10053A618 /* Parser.m */ = {isa = PBXFileReference; fileEncoding = 4; lastKnownFileType = sourcecode.c.objc; path = Parser.m; sourceTree = "<group>"; };
		5D7ADF191322EDD10053A618 /* ParserDelegate.h */ = {isa = PBXFileReference; fileEncoding = 4; lastKnownFileType = sourcecode.c.h; path = ParserDelegate.h; sourceTree = "<group>"; };
		5D7ADF281322EDF60053A618 /* RootViewController.xib */ = {isa = PBXFileReference; lastKnownFileType = file.xib; path = RootViewController.xib; sourceTree = "<group>"; };
		5D7ADF2B1322EE030053A618 /* TeacherViewController.h */ = {isa = PBXFileReference; fileEncoding = 4; lastKnownFileType = sourcecode.c.h; path = TeacherViewController.h; sourceTree = "<group>"; };
		5D7ADF2C1322EE030053A618 /* TeacherViewController.m */ = {isa = PBXFileReference; fileEncoding = 4; lastKnownFileType = sourcecode.c.objc; path = TeacherViewController.m; sourceTree = "<group>"; };
		5D7ADF2D1322EE030053A618 /* CourseViewController.h */ = {isa = PBXFileReference; fileEncoding = 4; lastKnownFileType = sourcecode.c.h; path = CourseViewController.h; sourceTree = "<group>"; };
		5D7ADF2E1322EE030053A618 /* CourseViewController.m */ = {isa = PBXFileReference; fileEncoding = 4; lastKnownFileType = sourcecode.c.objc; path = CourseViewController.m; sourceTree = "<group>"; };
		5D7ADF2F1322EE030053A618 /* AssignmentViewController.h */ = {isa = PBXFileReference; fileEncoding = 4; lastKnownFileType = sourcecode.c.h; path = AssignmentViewController.h; sourceTree = "<group>"; };
		5D7ADF301322EE030053A618 /* AssignmentViewController.m */ = {isa = PBXFileReference; fileEncoding = 4; lastKnownFileType = sourcecode.c.objc; path = AssignmentViewController.m; sourceTree = "<group>"; };
		5D7ADF311322EE030053A618 /* SplashScreenViewController.h */ = {isa = PBXFileReference; fileEncoding = 4; lastKnownFileType = sourcecode.c.h; path = SplashScreenViewController.h; sourceTree = "<group>"; };
		5D7ADF321322EE030053A618 /* SplashScreenViewController.m */ = {isa = PBXFileReference; fileEncoding = 4; lastKnownFileType = sourcecode.c.objc; path = SplashScreenViewController.m; sourceTree = "<group>"; };
		5D7ADF331322EE030053A618 /* RootViewController.h */ = {isa = PBXFileReference; fileEncoding = 4; lastKnownFileType = sourcecode.c.h; path = RootViewController.h; sourceTree = "<group>"; };
		5D7ADF341322EE030053A618 /* RootViewController.m */ = {isa = PBXFileReference; fileEncoding = 4; lastKnownFileType = sourcecode.c.objc; path = RootViewController.m; sourceTree = "<group>"; };
		5D7ADF411322EE400053A618 /* Splash.png */ = {isa = PBXFileReference; lastKnownFileType = image.png; path = Splash.png; sourceTree = "<group>"; };
		5D7ADF481322EE600053A618 /* AssignmentView.xib */ = {isa = PBXFileReference; lastKnownFileType = file.xib; path = AssignmentView.xib; sourceTree = "<group>"; };
		5D9D59EB1337F6BD00088741 /* Reachability.h */ = {isa = PBXFileReference; fileEncoding = 4; lastKnownFileType = sourcecode.c.h; path = Reachability.h; sourceTree = "<group>"; };
		5D9D59EC1337F6BD00088741 /* Reachability.m */ = {isa = PBXFileReference; fileEncoding = 4; lastKnownFileType = sourcecode.c.objc; path = Reachability.m; sourceTree = "<group>"; };
		5D9D5A3C1337F80100088741 /* SystemConfiguration.framework */ = {isa = PBXFileReference; lastKnownFileType = wrapper.framework; name = SystemConfiguration.framework; path = System/Library/Frameworks/SystemConfiguration.framework; sourceTree = SDKROOT; };
		5DA55250133A9C9300B47E9F /* Departments Screenshot.png */ = {isa = PBXFileReference; lastKnownFileType = image.png; path = "Departments Screenshot.png"; sourceTree = "<group>"; };
		5DA55252133A9D1300B47E9F /* Teachers Screenshot.png */ = {isa = PBXFileReference; lastKnownFileType = image.png; path = "Teachers Screenshot.png"; sourceTree = "<group>"; };
		5DA55256133A9D9500B47E9F /* Courses Screenshot.png */ = {isa = PBXFileReference; lastKnownFileType = image.png; path = "Courses Screenshot.png"; sourceTree = "<group>"; };
		5DA55258133A9DC300B47E9F /* Assignments Screenshot.png */ = {isa = PBXFileReference; lastKnownFileType = image.png; path = "Assignments Screenshot.png"; sourceTree = "<group>"; };
		5DA5525A133A9E3300B47E9F /* Default.png */ = {isa = PBXFileReference; lastKnownFileType = image.png; path = Default.png; sourceTree = "<group>"; };
		5DA92880133166F300CA58C3 /* SplashScreenView.xib */ = {isa = PBXFileReference; lastKnownFileType = file.xib; path = SplashScreenView.xib; sourceTree = "<group>"; };
		8D1107310486CEB800E47090 /* HomeworkChecker-Info.plist */ = {isa = PBXFileReference; fileEncoding = 4; lastKnownFileType = text.plist.xml; path = "HomeworkChecker-Info.plist"; plistStructureDefinitionIdentifier = "com.apple.xcode.plist.structure-definition.iphone.info-plist"; sourceTree = "<group>"; };
/* End PBXFileReference section */

/* Begin PBXFrameworksBuildPhase section */
		1D60588F0D05DD3D006BFB54 /* Frameworks */ = {
			isa = PBXFrameworksBuildPhase;
			buildActionMask = 2147483647;
			files = (
				1D60589F0D05DD5A006BFB54 /* Foundation.framework in Frameworks */,
				1DF5F4E00D08C38300B7A737 /* UIKit.framework in Frameworks */,
				2892E4100DC94CBA00A64D0F /* CoreGraphics.framework in Frameworks */,
				5D9D5A3D1337F80100088741 /* SystemConfiguration.framework in Frameworks */,
			);
			runOnlyForDeploymentPostprocessing = 0;
		};
/* End PBXFrameworksBuildPhase section */

/* Begin PBXGroup section */
		080E96DDFE201D6D7F000001 /* Classes */ = {
			isa = PBXGroup;
			children = (
				5D9D59EB1337F6BD00088741 /* Reachability.h */,
				5D9D59EC1337F6BD00088741 /* Reachability.m */,
				5D7ADF2A1322EE030053A618 /* View Controllers */,
				5D7ADF161322EDD10053A618 /* Parsing */,
				5D7ADF0F1322EDD10053A618 /* Object Model */,
				1D3623240D0F684500981E51 /* HomeworkCheckerAppDelegate.h */,
				1D3623250D0F684500981E51 /* HomeworkCheckerAppDelegate.m */,
			);
			path = Classes;
			sourceTree = "<group>";
		};
		1380DCF5133D3D6F007E294D /* Icons */ = {
			isa = PBXGroup;
			children = (
			);
			name = Icons;
			sourceTree = "<group>";
		};
		19C28FACFE9D520D11CA2CBB /* Products */ = {
			isa = PBXGroup;
			children = (
				1D6058910D05DD3D006BFB54 /* HomeworkChecker.app */,
			);
			name = Products;
			sourceTree = "<group>";
		};
		29B97314FDCFA39411CA2CEA /* CustomTemplate */ = {
			isa = PBXGroup;
			children = (
				080E96DDFE201D6D7F000001 /* Classes */,
				29B97315FDCFA39411CA2CEA /* Other Sources */,
				29B97317FDCFA39411CA2CEA /* Resources */,
				29B97323FDCFA39411CA2CEA /* Frameworks */,
				19C28FACFE9D520D11CA2CBB /* Products */,
			);
			name = CustomTemplate;
			sourceTree = "<group>";
		};
		29B97315FDCFA39411CA2CEA /* Other Sources */ = {
			isa = PBXGroup;
			children = (
				28A0AAE50D9B0CCF005BE974 /* HomeworkChecker_Prefix.pch */,
				29B97316FDCFA39411CA2CEA /* main.m */,
			);
			name = "Other Sources";
			sourceTree = "<group>";
		};
		29B97317FDCFA39411CA2CEA /* Resources */ = {
			isa = PBXGroup;
			children = (
				1380DCF5133D3D6F007E294D /* Icons */,
				5DA55255133A9D5E00B47E9F /* Views */,
				5DA55254133A9D4C00B47E9F /* Screenshots */,
				5D7ADF411322EE400053A618 /* Splash.png */,
				8D1107310486CEB800E47090 /* HomeworkChecker-Info.plist */,
			);
			name = Resources;
			sourceTree = "<group>";
		};
		29B97323FDCFA39411CA2CEA /* Frameworks */ = {
			isa = PBXGroup;
			children = (
				1DF5F4DF0D08C38300B7A737 /* UIKit.framework */,
				1D30AB110D05D00D00671497 /* Foundation.framework */,
				2892E40F0DC94CBA00A64D0F /* CoreGraphics.framework */,
				5D9D5A3C1337F80100088741 /* SystemConfiguration.framework */,
			);
			name = Frameworks;
			sourceTree = "<group>";
		};
		5D7ADF0F1322EDD10053A618 /* Object Model */ = {
			isa = PBXGroup;
			children = (
				5D7ADF101322EDD10053A618 /* Department.h */,
				5D7ADF111322EDD10053A618 /* Department.m */,
				5D7ADF121322EDD10053A618 /* Teacher.h */,
				5D7ADF131322EDD10053A618 /* Teacher.m */,
				5D7ADF141322EDD10053A618 /* Course.h */,
				5D7ADF151322EDD10053A618 /* Course.m */,
			);
			name = "Object Model";
			sourceTree = "<group>";
		};
		5D7ADF161322EDD10053A618 /* Parsing */ = {
			isa = PBXGroup;
			children = (
				5D7ADF171322EDD10053A618 /* Parser.h */,
				5D7ADF181322EDD10053A618 /* Parser.m */,
				5D7ADF191322EDD10053A618 /* ParserDelegate.h */,
			);
			name = Parsing;
			sourceTree = "<group>";
		};
		5D7ADF2A1322EE030053A618 /* View Controllers */ = {
			isa = PBXGroup;
			children = (
				5D7ADF2B1322EE030053A618 /* TeacherViewController.h */,
				5D7ADF2C1322EE030053A618 /* TeacherViewController.m */,
				5D7ADF2D1322EE030053A618 /* CourseViewController.h */,
				5D7ADF2E1322EE030053A618 /* CourseViewController.m */,
				5D7ADF2F1322EE030053A618 /* AssignmentViewController.h */,
				5D7ADF301322EE030053A618 /* AssignmentViewController.m */,
				5D7ADF311322EE030053A618 /* SplashScreenViewController.h */,
				5D7ADF321322EE030053A618 /* SplashScreenViewController.m */,
				5D7ADF331322EE030053A618 /* RootViewController.h */,
				5D7ADF341322EE030053A618 /* RootViewController.m */,
			);
			name = "View Controllers";
			sourceTree = "<group>";
		};
		5DA55254133A9D4C00B47E9F /* Screenshots */ = {
			isa = PBXGroup;
			children = (
				5DA5525A133A9E3300B47E9F /* Default.png */,
				5DA55250133A9C9300B47E9F /* Departments Screenshot.png */,
				5DA55252133A9D1300B47E9F /* Teachers Screenshot.png */,
				5DA55256133A9D9500B47E9F /* Courses Screenshot.png */,
				5DA55258133A9DC300B47E9F /* Assignments Screenshot.png */,
			);
			name = Screenshots;
			sourceTree = "<group>";
		};
		5DA55255133A9D5E00B47E9F /* Views */ = {
			isa = PBXGroup;
			children = (
				28AD735F0D9D9599002E5188 /* MainWindow.xib */,
				5D7ADF281322EDF60053A618 /* RootViewController.xib */,
				5DA92880133166F300CA58C3 /* SplashScreenView.xib */,
				5D7ADF481322EE600053A618 /* AssignmentView.xib */,
			);
			name = Views;
			sourceTree = "<group>";
		};
/* End PBXGroup section */

/* Begin PBXNativeTarget section */
		1D6058900D05DD3D006BFB54 /* HomeworkChecker */ = {
			isa = PBXNativeTarget;
			buildConfigurationList = 1D6058960D05DD3E006BFB54 /* Build configuration list for PBXNativeTarget "HomeworkChecker" */;
			buildPhases = (
				1D60588D0D05DD3D006BFB54 /* Resources */,
				1D60588E0D05DD3D006BFB54 /* Sources */,
				1D60588F0D05DD3D006BFB54 /* Frameworks */,
			);
			buildRules = (
			);
			dependencies = (
			);
			name = HomeworkChecker;
			productName = HomeworkChecker;
			productReference = 1D6058910D05DD3D006BFB54 /* HomeworkChecker.app */;
			productType = "com.apple.product-type.application";
		};
/* End PBXNativeTarget section */

/* Begin PBXProject section */
		29B97313FDCFA39411CA2CEA /* Project object */ = {
			isa = PBXProject;
			buildConfigurationList = C01FCF4E08A954540054247B /* Build configuration list for PBXProject "HomeworkChecker" */;
			compatibilityVersion = "Xcode 3.1";
			developmentRegion = English;
			hasScannedForEncodings = 1;
			knownRegions = (
				English,
				Japanese,
				French,
				German,
				en,
			);
			mainGroup = 29B97314FDCFA39411CA2CEA /* CustomTemplate */;
			projectDirPath = "";
			projectRoot = "";
			targets = (
				1D6058900D05DD3D006BFB54 /* HomeworkChecker */,
			);
		};
/* End PBXProject section */

/* Begin PBXResourcesBuildPhase section */
		1D60588D0D05DD3D006BFB54 /* Resources */ = {
			isa = PBXResourcesBuildPhase;
			buildActionMask = 2147483647;
			files = (
				28AD73600D9D9599002E5188 /* MainWindow.xib in Resources */,
				5D7ADF291322EDF60053A618 /* RootViewController.xib in Resources */,
				5D7ADF431322EE400053A618 /* Splash.png in Resources */,
				5D7ADF491322EE600053A618 /* AssignmentView.xib in Resources */,
				5DA92881133166F300CA58C3 /* SplashScreenView.xib in Resources */,
				5DA55251133A9C9300B47E9F /* Departments Screenshot.png in Resources */,
				5DA55253133A9D1300B47E9F /* Teachers Screenshot.png in Resources */,
				5DA55257133A9D9500B47E9F /* Courses Screenshot.png in Resources */,
				5DA55259133A9DC300B47E9F /* Assignments Screenshot.png in Resources */,
				5DA5525B133A9E3300B47E9F /* Default.png in Resources */,
			);
			runOnlyForDeploymentPostprocessing = 0;
		};
/* End PBXResourcesBuildPhase section */

/* Begin PBXSourcesBuildPhase section */
		1D60588E0D05DD3D006BFB54 /* Sources */ = {
			isa = PBXSourcesBuildPhase;
			buildActionMask = 2147483647;
			files = (
				5D9D5A2C1337F7D700088741 /* Reachability.m in Sources */,
				1D60589B0D05DD56006BFB54 /* main.m in Sources */,
				1D3623260D0F684500981E51 /* HomeworkCheckerAppDelegate.m in Sources */,
				5D7ADF1A1322EDD10053A618 /* Department.m in Sources */,
				5D7ADF1B1322EDD10053A618 /* Teacher.m in Sources */,
				5D7ADF1C1322EDD10053A618 /* Course.m in Sources */,
				5D7ADF1D1322EDD10053A618 /* Parser.m in Sources */,
				5D7ADF351322EE030053A618 /* TeacherViewController.m in Sources */,
				5D7ADF361322EE030053A618 /* CourseViewController.m in Sources */,
				5D7ADF371322EE030053A618 /* AssignmentViewController.m in Sources */,
				5D7ADF381322EE030053A618 /* SplashScreenViewController.m in Sources */,
				5D7ADF391322EE030053A618 /* RootViewController.m in Sources */,
			);
			runOnlyForDeploymentPostprocessing = 0;
		};
/* End PBXSourcesBuildPhase section */

/* Begin XCBuildConfiguration section */
		1D6058940D05DD3E006BFB54 /* Debug */ = {
			isa = XCBuildConfiguration;
			buildSettings = {
				ALWAYS_SEARCH_USER_PATHS = NO;
				COPY_PHASE_STRIP = NO;
				GCC_DYNAMIC_NO_PIC = NO;
				GCC_OPTIMIZATION_LEVEL = 0;
				GCC_PRECOMPILE_PREFIX_HEADER = YES;
				GCC_PREFIX_HEADER = HomeworkChecker_Prefix.pch;
				INFOPLIST_FILE = "HomeworkChecker-Info.plist";
				PRODUCT_NAME = HomeworkChecker;
			};
			name = Debug;
		};
		1D6058950D05DD3E006BFB54 /* Release */ = {
			isa = XCBuildConfiguration;
			buildSettings = {
				ALWAYS_SEARCH_USER_PATHS = NO;
				COPY_PHASE_STRIP = YES;
				GCC_PRECOMPILE_PREFIX_HEADER = YES;
				GCC_PREFIX_HEADER = HomeworkChecker_Prefix.pch;
				INFOPLIST_FILE = "HomeworkChecker-Info.plist";
				PRODUCT_NAME = HomeworkChecker;
				VALIDATE_PRODUCT = YES;
			};
			name = Release;
		};
		C01FCF4F08A954540054247B /* Debug */ = {
			isa = XCBuildConfiguration;
			buildSettings = {
				ARCHS = "$(ARCHS_STANDARD_32_BIT)";
				"CODE_SIGN_IDENTITY[sdk=iphoneos*]" = "iPhone Developer";
				GCC_C_LANGUAGE_STANDARD = c99;
				GCC_WARN_ABOUT_RETURN_TYPE = YES;
				GCC_WARN_UNUSED_VARIABLE = YES;
				PREBINDING = NO;
				SDKROOT = iphoneos4.2;
			};
			name = Debug;
		};
		C01FCF5008A954540054247B /* Release */ = {
			isa = XCBuildConfiguration;
			buildSettings = {
				ARCHS = "$(ARCHS_STANDARD_32_BIT)";
				"CODE_SIGN_IDENTITY[sdk=iphoneos*]" = "iPhone Developer";
				GCC_C_LANGUAGE_STANDARD = c99;
				GCC_WARN_ABOUT_RETURN_TYPE = YES;
				GCC_WARN_UNUSED_VARIABLE = YES;
				OTHER_CFLAGS = "-DNS_BLOCK_ASSERTIONS=1";
				PREBINDING = NO;
				SDKROOT = iphoneos4.2;
			};
			name = Release;
		};
/* End XCBuildConfiguration section */

/* Begin XCConfigurationList section */
		1D6058960D05DD3E006BFB54 /* Build configuration list for PBXNativeTarget "HomeworkChecker" */ = {
			isa = XCConfigurationList;
			buildConfigurations = (
				1D6058940D05DD3E006BFB54 /* Debug */,
				1D6058950D05DD3E006BFB54 /* Release */,
			);
			defaultConfigurationIsVisible = 0;
			defaultConfigurationName = Release;
		};
		C01FCF4E08A954540054247B /* Build configuration list for PBXProject "HomeworkChecker" */ = {
			isa = XCConfigurationList;
			buildConfigurations = (
				C01FCF4F08A954540054247B /* Debug */,
				C01FCF5008A954540054247B /* Release */,
			);
			defaultConfigurationIsVisible = 0;
			defaultConfigurationName = Release;
		};
/* End XCConfigurationList section */
	};
	rootObject = 29B97313FDCFA39411CA2CEA /* Project object */;
}
